
Microsoft Visual Studio Solution File, Format Version 12.00
# Visual Studio Version 16
VisualStudioVersion = 16.0.30717.126
MinimumVisualStudioVersion = 10.0.40219.1
Project("{9A19103F-16F7-4668-BE54-9A1E7A4F7556}") = "ODDB.BusinessLogic", "ODDB.BusinessLogic\ODDB.BusinessLogic.csproj", "{E7DCABD4-B31E-47A4-87D7-D02A5CE47D14}"
EndProject
Project("{9A19103F-16F7-4668-BE54-9A1E7A4F7556}") = "ODDB.Repository", "ODDB.Repository\ODDB.Repository.csproj", "{8C63CA51-8E6A-45EF-932A-674CC992D0DB}"
EndProject
Project("{9A19103F-16F7-4668-BE54-9A1E7A4F7556}") = "ODDB.Common", "ODDB.Common\ODDB.Common.csproj", "{2FAEE12F-EB12-4822-8E0B-E11C5625090F}"
EndProject
Project("{2150E333-8FDC-42A3-9474-1A3956D46DE8}") = "UnitTests", "UnitTests", "{11C900C6-B229-42E9-A403-FD2CFF1B377C}"
EndProject
Project("{9A19103F-16F7-4668-BE54-9A1E7A4F7556}") = "RepositoryTest", "RepositoryTest\RepositoryTest.csproj", "{79689322-BF26-4C0E-BA4D-D4A708806A11}"
EndProject
Project("{FAE04EC0-301F-11D3-BF4B-00C04F79EFBC}") = "ODDB", "ODDB\ODDB.csproj", "{EB4687A2-1E0F-4BC1-895E-0B54FA4F518E}"
EndProject
Global
	GlobalSection(SolutionConfigurationPlatforms) = preSolution
		Debug|Any CPU = Debug|Any CPU
		Release|Any CPU = Release|Any CPU
	EndGlobalSection
	GlobalSection(ProjectConfigurationPlatforms) = postSolution
		{E7DCABD4-B31E-47A4-87D7-D02A5CE47D14}.Debug|Any CPU.ActiveCfg = Debug|Any CPU
		{E7DCABD4-B31E-47A4-87D7-D02A5CE47D14}.Debug|Any CPU.Build.0 = Debug|Any CPU
		{E7DCABD4-B31E-47A4-87D7-D02A5CE47D14}.Release|Any CPU.ActiveCfg = Release|Any CPU
		{E7DCABD4-B31E-47A4-87D7-D02A5CE47D14}.Release|Any CPU.Build.0 = Release|Any CPU
		{8C63CA51-8E6A-45EF-932A-674CC992D0DB}.Debug|Any CPU.ActiveCfg = Debug|Any CPU
		{8C63CA51-8E6A-45EF-932A-674CC992D0DB}.Debug|Any CPU.Build.0 = Debug|Any CPU
		{8C63CA51-8E6A-45EF-932A-674CC992D0DB}.Release|Any CPU.ActiveCfg = Release|Any CPU
		{8C63CA51-8E6A-45EF-932A-674CC992D0DB}.Release|Any CPU.Build.0 = Release|Any CPU
		{2FAEE12F-EB12-4822-8E0B-E11C5625090F}.Debug|Any CPU.ActiveCfg = Debug|Any CPU
		{2FAEE12F-EB12-4822-8E0B-E11C5625090F}.Debug|Any CPU.Build.0 = Debug|Any CPU
		{2FAEE12F-EB12-4822-8E0B-E11C5625090F}.Release|Any CPU.ActiveCfg = Release|Any CPU
		{2FAEE12F-EB12-4822-8E0B-E11C5625090F}.Release|Any CPU.Build.0 = Release|Any CPU
		{79689322-BF26-4C0E-BA4D-D4A708806A11}.Debug|Any CPU.ActiveCfg = Debug|Any CPU
		{79689322-BF26-4C0E-BA4D-D4A708806A11}.Debug|Any CPU.Build.0 = Debug|Any CPU
		{79689322-BF26-4C0E-BA4D-D4A708806A11}.Release|Any CPU.ActiveCfg = Release|Any CPU
		{79689322-BF26-4C0E-BA4D-D4A708806A11}.Release|Any CPU.Build.0 = Release|Any CPU
		{EB4687A2-1E0F-4BC1-895E-0B54FA4F518E}.Debug|Any CPU.ActiveCfg = Debug|Any CPU
		{EB4687A2-1E0F-4BC1-895E-0B54FA4F518E}.Debug|Any CPU.Build.0 = Debug|Any CPU
		{EB4687A2-1E0F-4BC1-895E-0B54FA4F518E}.Release|Any CPU.ActiveCfg = Release|Any CPU
		{EB4687A2-1E0F-4BC1-895E-0B54FA4F518E}.Release|Any CPU.Build.0 = Release|Any CPU
	EndGlobalSection
	GlobalSection(SolutionProperties) = preSolution
		HideSolutionNode = FALSE
	EndGlobalSection
	GlobalSection(NestedProjects) = preSolution
		{79689322-BF26-4C0E-BA4D-D4A708806A11} = {11C900C6-B229-42E9-A403-FD2CFF1B377C}
	EndGlobalSection
	GlobalSection(ExtensibilityGlobals) = postSolution
		SolutionGuid = {4884AE7F-F24C-46AC-A3A0-F640A976B17B}
	EndGlobalSection
EndGlobal
