
Microsoft Visual Studio Solution File, Format Version 12.00
# Visual Studio Version 16
VisualStudioVersion = 16.0.30523.141
MinimumVisualStudioVersion = 10.0.40219.1
Project("{FAE04EC0-301F-11D3-BF4B-00C04F79EFBC}") = "CircusTrein", "CircusTrein\CircusTrein.csproj", "{BA4105BA-3AFB-4EBE-8F8E-06393A85EB80}"
EndProject
Global
	GlobalSection(SolutionConfigurationPlatforms) = preSolution
		Debug|Any CPU = Debug|Any CPU
		Release|Any CPU = Release|Any CPU
	EndGlobalSection
	GlobalSection(ProjectConfigurationPlatforms) = postSolution
		{BA4105BA-3AFB-4EBE-8F8E-06393A85EB80}.Debug|Any CPU.ActiveCfg = Debug|Any CPU
		{BA4105BA-3AFB-4EBE-8F8E-06393A85EB80}.Debug|Any CPU.Build.0 = Debug|Any CPU
		{BA4105BA-3AFB-4EBE-8F8E-06393A85EB80}.Release|Any CPU.ActiveCfg = Release|Any CPU
		{BA4105BA-3AFB-4EBE-8F8E-06393A85EB80}.Release|Any CPU.Build.0 = Release|Any CPU
	EndGlobalSection
	GlobalSection(SolutionProperties) = preSolution
		HideSolutionNode = FALSE
	EndGlobalSection
	GlobalSection(ExtensibilityGlobals) = postSolution
		SolutionGuid = {9D79ADE3-068D-4F40-BA7E-7E212A2A1978}
	EndGlobalSection
EndGlobal
